// !$*UTF8*$!
{
	archiveVersion = 1;
	classes = {
	};
	objectVersion = 56;
	objects = {

/* Begin PBXBuildFile section */
		E85708172AC09C9A003A5843 /* AppDelegate.swift in Sources */ = {isa = PBXBuildFile; fileRef = E85708162AC09C9A003A5843 /* AppDelegate.swift */; };
		E85708192AC09C9A003A5843 /* SceneDelegate.swift in Sources */ = {isa = PBXBuildFile; fileRef = E85708182AC09C9A003A5843 /* SceneDelegate.swift */; };
		E857081B2AC09C9A003A5843 /* ViewController.swift in Sources */ = {isa = PBXBuildFile; fileRef = E857081A2AC09C9A003A5843 /* ViewController.swift */; };
		E85708202AC09CA3003A5843 /* Assets.xcassets in Resources */ = {isa = PBXBuildFile; fileRef = E857081F2AC09CA3003A5843 /* Assets.xcassets */; };
		E85708232AC09CA3003A5843 /* LaunchScreen.storyboard in Resources */ = {isa = PBXBuildFile; fileRef = E85708212AC09CA3003A5843 /* LaunchScreen.storyboard */; };
		E857082B2AC0BC1A003A5843 /* Model.swift in Sources */ = {isa = PBXBuildFile; fileRef = E857082A2AC0BC1A003A5843 /* Model.swift */; };
		E857082D2AC0BC6C003A5843 /* TableViewCell.swift in Sources */ = {isa = PBXBuildFile; fileRef = E857082C2AC0BC6C003A5843 /* TableViewCell.swift */; };
		E85708302AC0DDDC003A5843 /* VC + TableView.swift in Sources */ = {isa = PBXBuildFile; fileRef = E857082F2AC0DDDC003A5843 /* VC + TableView.swift */; };
		E85708322AC0DE82003A5843 /* VC + ImagePicker.swift in Sources */ = {isa = PBXBuildFile; fileRef = E85708312AC0DE82003A5843 /* VC + ImagePicker.swift */; };
/* End PBXBuildFile section */

/* Begin PBXFileReference section */
		E85708132AC09C9A003A5843 /* BalinaSoftTestApp.app */ = {isa = PBXFileReference; explicitFileType = wrapper.application; includeInIndex = 0; path = BalinaSoftTestApp.app; sourceTree = BUILT_PRODUCTS_DIR; };
		E85708162AC09C9A003A5843 /* AppDelegate.swift */ = {isa = PBXFileReference; lastKnownFileType = sourcecode.swift; path = AppDelegate.swift; sourceTree = "<group>"; };
		E85708182AC09C9A003A5843 /* SceneDelegate.swift */ = {isa = PBXFileReference; lastKnownFileType = sourcecode.swift; path = SceneDelegate.swift; sourceTree = "<group>"; };
		E857081A2AC09C9A003A5843 /* ViewController.swift */ = {isa = PBXFileReference; lastKnownFileType = sourcecode.swift; path = ViewController.swift; sourceTree = "<group>"; };
		E857081F2AC09CA3003A5843 /* Assets.xcassets */ = {isa = PBXFileReference; lastKnownFileType = folder.assetcatalog; path = Assets.xcassets; sourceTree = "<group>"; };
		E85708222AC09CA3003A5843 /* Base */ = {isa = PBXFileReference; lastKnownFileType = file.storyboard; name = Base; path = Base.lproj/LaunchScreen.storyboard; sourceTree = "<group>"; };
		E85708242AC09CA3003A5843 /* Info.plist */ = {isa = PBXFileReference; lastKnownFileType = text.plist.xml; path = Info.plist; sourceTree = "<group>"; };
		E857082A2AC0BC1A003A5843 /* Model.swift */ = {isa = PBXFileReference; lastKnownFileType = sourcecode.swift; path = Model.swift; sourceTree = "<group>"; };
		E857082C2AC0BC6C003A5843 /* TableViewCell.swift */ = {isa = PBXFileReference; lastKnownFileType = sourcecode.swift; path = TableViewCell.swift; sourceTree = "<group>"; };
		E857082F2AC0DDDC003A5843 /* VC + TableView.swift */ = {isa = PBXFileReference; lastKnownFileType = sourcecode.swift; path = "VC + TableView.swift"; sourceTree = "<group>"; };
		E85708312AC0DE82003A5843 /* VC + ImagePicker.swift */ = {isa = PBXFileReference; lastKnownFileType = sourcecode.swift; path = "VC + ImagePicker.swift"; sourceTree = "<group>"; };
/* End PBXFileReference section */

/* Begin PBXFrameworksBuildPhase section */
		E85708102AC09C9A003A5843 /* Frameworks */ = {
			isa = PBXFrameworksBuildPhase;
			buildActionMask = 2147483647;
			files = (
			);
			runOnlyForDeploymentPostprocessing = 0;
		};
/* End PBXFrameworksBuildPhase section */

/* Begin PBXGroup section */
		E857080A2AC09C9A003A5843 = {
			isa = PBXGroup;
			children = (
				E85708152AC09C9A003A5843 /* BalinaSoftTestApp */,
				E85708142AC09C9A003A5843 /* Products */,
			);
			sourceTree = "<group>";
		};
		E85708142AC09C9A003A5843 /* Products */ = {
			isa = PBXGroup;
			children = (
				E85708132AC09C9A003A5843 /* BalinaSoftTestApp.app */,
			);
			name = Products;
			sourceTree = "<group>";
		};
		E85708152AC09C9A003A5843 /* BalinaSoftTestApp */ = {
			isa = PBXGroup;
			children = (
				E85708162AC09C9A003A5843 /* AppDelegate.swift */,
				E85708182AC09C9A003A5843 /* SceneDelegate.swift */,
				E857082A2AC0BC1A003A5843 /* Model.swift */,
				E857082C2AC0BC6C003A5843 /* TableViewCell.swift */,
				E857081A2AC09C9A003A5843 /* ViewController.swift */,
				E857082E2AC0DDC3003A5843 /* Extensions */,
				E857081F2AC09CA3003A5843 /* Assets.xcassets */,
				E85708212AC09CA3003A5843 /* LaunchScreen.storyboard */,
				E85708242AC09CA3003A5843 /* Info.plist */,
			);
			path = BalinaSoftTestApp;
			sourceTree = "<group>";
		};
		E857082E2AC0DDC3003A5843 /* Extensions */ = {
			isa = PBXGroup;
			children = (
				E857082F2AC0DDDC003A5843 /* VC + TableView.swift */,
				E85708312AC0DE82003A5843 /* VC + ImagePicker.swift */,
			);
			path = Extensions;
			sourceTree = "<group>";
		};
/* End PBXGroup section */

/* Begin PBXNativeTarget section */
		E85708122AC09C9A003A5843 /* BalinaSoftTestApp */ = {
			isa = PBXNativeTarget;
			buildConfigurationList = E85708272AC09CA3003A5843 /* Build configuration list for PBXNativeTarget "BalinaSoftTestApp" */;
			buildPhases = (
				E857080F2AC09C9A003A5843 /* Sources */,
				E85708102AC09C9A003A5843 /* Frameworks */,
				E85708112AC09C9A003A5843 /* Resources */,
			);
			buildRules = (
			);
			dependencies = (
			);
			name = BalinaSoftTestApp;
			productName = BalinaSoftTestApp;
			productReference = E85708132AC09C9A003A5843 /* BalinaSoftTestApp.app */;
			productType = "com.apple.product-type.application";
		};
/* End PBXNativeTarget section */

/* Begin PBXProject section */
		E857080B2AC09C9A003A5843 /* Project object */ = {
			isa = PBXProject;
			attributes = {
				BuildIndependentTargetsInParallel = 1;
				LastSwiftUpdateCheck = 1430;
				LastUpgradeCheck = 1430;
				TargetAttributes = {
					E85708122AC09C9A003A5843 = {
						CreatedOnToolsVersion = 14.3.1;
					};
				};
			};
			buildConfigurationList = E857080E2AC09C9A003A5843 /* Build configuration list for PBXProject "BalinaSoftTestApp" */;
			compatibilityVersion = "Xcode 14.0";
			developmentRegion = en;
			hasScannedForEncodings = 0;
			knownRegions = (
				en,
				Base,
			);
			mainGroup = E857080A2AC09C9A003A5843;
			productRefGroup = E85708142AC09C9A003A5843 /* Products */;
			projectDirPath = "";
			projectRoot = "";
			targets = (
				E85708122AC09C9A003A5843 /* BalinaSoftTestApp */,
			);
		};
/* End PBXProject section */

/* Begin PBXResourcesBuildPhase section */
		E85708112AC09C9A003A5843 /* Resources */ = {
			isa = PBXResourcesBuildPhase;
			buildActionMask = 2147483647;
			files = (
				E85708232AC09CA3003A5843 /* LaunchScreen.storyboard in Resources */,
				E85708202AC09CA3003A5843 /* Assets.xcassets in Resources */,
			);
			runOnlyForDeploymentPostprocessing = 0;
		};
/* End PBXResourcesBuildPhase section */

/* Begin PBXSourcesBuildPhase section */
		E857080F2AC09C9A003A5843 /* Sources */ = {
			isa = PBXSourcesBuildPhase;
			buildActionMask = 2147483647;
			files = (
				E857082D2AC0BC6C003A5843 /* TableViewCell.swift in Sources */,
				E857081B2AC09C9A003A5843 /* ViewController.swift in Sources */,
				E85708172AC09C9A003A5843 /* AppDelegate.swift in Sources */,
				E85708192AC09C9A003A5843 /* SceneDelegate.swift in Sources */,
				E85708302AC0DDDC003A5843 /* VC + TableView.swift in Sources */,
				E857082B2AC0BC1A003A5843 /* Model.swift in Sources */,
				E85708322AC0DE82003A5843 /* VC + ImagePicker.swift in Sources */,
			);
			runOnlyForDeploymentPostprocessing = 0;
		};
/* End PBXSourcesBuildPhase section */

/* Begin PBXVariantGroup section */
		E85708212AC09CA3003A5843 /* LaunchScreen.storyboard */ = {
			isa = PBXVariantGroup;
			children = (
				E85708222AC09CA3003A5843 /* Base */,
			);
			name = LaunchScreen.storyboard;
			sourceTree = "<group>";
		};
/* End PBXVariantGroup section */

/* Begin XCBuildConfiguration section */
		E85708252AC09CA3003A5843 /* Debug */ = {
			isa = XCBuildConfiguration;
			buildSettings = {
				ALWAYS_SEARCH_USER_PATHS = NO;
				CLANG_ANALYZER_NONNULL = YES;
				CLANG_ANALYZER_NUMBER_OBJECT_CONVERSION = YES_AGGRESSIVE;
				CLANG_CXX_LANGUAGE_STANDARD = "gnu++20";
				CLANG_ENABLE_MODULES = YES;
				CLANG_ENABLE_OBJC_ARC = YES;
				CLANG_ENABLE_OBJC_WEAK = YES;
				CLANG_WARN_BLOCK_CAPTURE_AUTORELEASING = YES;
				CLANG_WARN_BOOL_CONVERSION = YES;
				CLANG_WARN_COMMA = YES;
				CLANG_WARN_CONSTANT_CONVERSION = YES;
				CLANG_WARN_DEPRECATED_OBJC_IMPLEMENTATIONS = YES;
				CLANG_WARN_DIRECT_OBJC_ISA_USAGE = YES_ERROR;
				CLANG_WARN_DOCUMENTATION_COMMENTS = YES;
				CLANG_WARN_EMPTY_BODY = YES;
				CLANG_WARN_ENUM_CONVERSION = YES;
				CLANG_WARN_INFINITE_RECURSION = YES;
				CLANG_WARN_INT_CONVERSION = YES;
				CLANG_WARN_NON_LITERAL_NULL_CONVERSION = YES;
				CLANG_WARN_OBJC_IMPLICIT_RETAIN_SELF = YES;
				CLANG_WARN_OBJC_LITERAL_CONVERSION = YES;
				CLANG_WARN_OBJC_ROOT_CLASS = YES_ERROR;
				CLANG_WARN_QUOTED_INCLUDE_IN_FRAMEWORK_HEADER = YES;
				CLANG_WARN_RANGE_LOOP_ANALYSIS = YES;
				CLANG_WARN_STRICT_PROTOTYPES = YES;
				CLANG_WARN_SUSPICIOUS_MOVE = YES;
				CLANG_WARN_UNGUARDED_AVAILABILITY = YES_AGGRESSIVE;
				CLANG_WARN_UNREACHABLE_CODE = YES;
				CLANG_WARN__DUPLICATE_METHOD_MATCH = YES;
				COPY_PHASE_STRIP = NO;
				DEBUG_INFORMATION_FORMAT = dwarf;
				ENABLE_STRICT_OBJC_MSGSEND = YES;
				ENABLE_TESTABILITY = YES;
				GCC_C_LANGUAGE_STANDARD = gnu11;
				GCC_DYNAMIC_NO_PIC = NO;
				GCC_NO_COMMON_BLOCKS = YES;
				GCC_OPTIMIZATION_LEVEL = 0;
				GCC_PREPROCESSOR_DEFINITIONS = (
					"DEBUG=1",
					"$(inherited)",
				);
				GCC_WARN_64_TO_32_BIT_CONVERSION = YES;
				GCC_WARN_ABOUT_RETURN_TYPE = YES_ERROR;
				GCC_WARN_UNDECLARED_SELECTOR = YES;
				GCC_WARN_UNINITIALIZED_AUTOS = YES_AGGRESSIVE;
				GCC_WARN_UNUSED_FUNCTION = YES;
				GCC_WARN_UNUSED_VARIABLE = YES;
				IPHONEOS_DEPLOYMENT_TARGET = 16.4;
				MTL_ENABLE_DEBUG_INFO = INCLUDE_SOURCE;
				MTL_FAST_MATH = YES;
				ONLY_ACTIVE_ARCH = YES;
				SDKROOT = iphoneos;
				SWIFT_ACTIVE_COMPILATION_CONDITIONS = DEBUG;
				SWIFT_OPTIMIZATION_LEVEL = "-Onone";
			};
			name = Debug;
		};
		E85708262AC09CA3003A5843 /* Release */ = {
			isa = XCBuildConfiguration;
			buildSettings = {
				ALWAYS_SEARCH_USER_PATHS = NO;
				CLANG_ANALYZER_NONNULL = YES;
				CLANG_ANALYZER_NUMBER_OBJECT_CONVERSION = YES_AGGRESSIVE;
				CLANG_CXX_LANGUAGE_STANDARD = "gnu++20";
				CLANG_ENABLE_MODULES = YES;
				CLANG_ENABLE_OBJC_ARC = YES;
				CLANG_ENABLE_OBJC_WEAK = YES;
				CLANG_WARN_BLOCK_CAPTURE_AUTORELEASING = YES;
				CLANG_WARN_BOOL_CONVERSION = YES;
				CLANG_WARN_COMMA = YES;
				CLANG_WARN_CONSTANT_CONVERSION = YES;
				CLANG_WARN_DEPRECATED_OBJC_IMPLEMENTATIONS = YES;
				CLANG_WARN_DIRECT_OBJC_ISA_USAGE = YES_ERROR;
				CLANG_WARN_DOCUMENTATION_COMMENTS = YES;
				CLANG_WARN_EMPTY_BODY = YES;
				CLANG_WARN_ENUM_CONVERSION = YES;
				CLANG_WARN_INFINITE_RECURSION = YES;
				CLANG_WARN_INT_CONVERSION = YES;
				CLANG_WARN_NON_LITERAL_NULL_CONVERSION = YES;
				CLANG_WARN_OBJC_IMPLICIT_RETAIN_SELF = YES;
				CLANG_WARN_OBJC_LITERAL_CONVERSION = YES;
				CLANG_WARN_OBJC_ROOT_CLASS = YES_ERROR;
				CLANG_WARN_QUOTED_INCLUDE_IN_FRAMEWORK_HEADER = YES;
				CLANG_WARN_RANGE_LOOP_ANALYSIS = YES;
				CLANG_WARN_STRICT_PROTOTYPES = YES;
				CLANG_WARN_SUSPICIOUS_MOVE = YES;
				CLANG_WARN_UNGUARDED_AVAILABILITY = YES_AGGRESSIVE;
				CLANG_WARN_UNREACHABLE_CODE = YES;
				CLANG_WARN__DUPLICATE_METHOD_MATCH = YES;
				COPY_PHASE_STRIP = NO;
				DEBUG_INFORMATION_FORMAT = "dwarf-with-dsym";
				ENABLE_NS_ASSERTIONS = NO;
				ENABLE_STRICT_OBJC_MSGSEND = YES;
				GCC_C_LANGUAGE_STANDARD = gnu11;
				GCC_NO_COMMON_BLOCKS = YES;
				GCC_WARN_64_TO_32_BIT_CONVERSION = YES;
				GCC_WARN_ABOUT_RETURN_TYPE = YES_ERROR;
				GCC_WARN_UNDECLARED_SELECTOR = YES;
				GCC_WARN_UNINITIALIZED_AUTOS = YES_AGGRESSIVE;
				GCC_WARN_UNUSED_FUNCTION = YES;
				GCC_WARN_UNUSED_VARIABLE = YES;
				IPHONEOS_DEPLOYMENT_TARGET = 16.4;
				MTL_ENABLE_DEBUG_INFO = NO;
				MTL_FAST_MATH = YES;
				SDKROOT = iphoneos;
				SWIFT_COMPILATION_MODE = wholemodule;
				SWIFT_OPTIMIZATION_LEVEL = "-O";
				VALIDATE_PRODUCT = YES;
			};
			name = Release;
		};
		E85708282AC09CA3003A5843 /* Debug */ = {
			isa = XCBuildConfiguration;
			buildSettings = {
				ASSETCATALOG_COMPILER_APPICON_NAME = AppIcon;
				ASSETCATALOG_COMPILER_GLOBAL_ACCENT_COLOR_NAME = AccentColor;
				CODE_SIGN_STYLE = Automatic;
				CURRENT_PROJECT_VERSION = 1;
				DEVELOPMENT_TEAM = 5NH63BJNFG;
				GENERATE_INFOPLIST_FILE = YES;
				INFOPLIST_FILE = BalinaSoftTestApp/Info.plist;
				INFOPLIST_KEY_UIApplicationSupportsIndirectInputEvents = YES;
				INFOPLIST_KEY_UILaunchStoryboardName = LaunchScreen;
				INFOPLIST_KEY_UIMainStoryboardFile = "";
				INFOPLIST_KEY_UISupportedInterfaceOrientations_iPad = "UIInterfaceOrientationPortrait UIInterfaceOrientationPortraitUpsideDown UIInterfaceOrientationLandscapeLeft UIInterfaceOrientationLandscapeRight";
				INFOPLIST_KEY_UISupportedInterfaceOrientations_iPhone = "UIInterfaceOrientationPortrait UIInterfaceOrientationLandscapeLeft UIInterfaceOrientationLandscapeRight";
				LD_RUNPATH_SEARCH_PATHS = (
					"$(inherited)",
					"@executable_path/Frameworks",
				);
				MARKETING_VERSION = 1.0;
				PRODUCT_BUNDLE_IDENTIFIER = butorin.BalinaSoftTestApp;
				PRODUCT_NAME = "$(TARGET_NAME)";
				SWIFT_EMIT_LOC_STRINGS = YES;
				SWIFT_VERSION = 5.0;
				TARGETED_DEVICE_FAMILY = "1,2";
			};
			name = Debug;
		};
		E85708292AC09CA3003A5843 /* Release */ = {
			isa = XCBuildConfiguration;
			buildSettings = {
				ASSETCATALOG_COMPILER_APPICON_NAME = AppIcon;
				ASSETCATALOG_COMPILER_GLOBAL_ACCENT_COLOR_NAME = AccentColor;
				CODE_SIGN_STYLE = Automatic;
				CURRENT_PROJECT_VERSION = 1;
				DEVELOPMENT_TEAM = 5NH63BJNFG;
				GENERATE_INFOPLIST_FILE = YES;
				INFOPLIST_FILE = BalinaSoftTestApp/Info.plist;
				INFOPLIST_KEY_UIApplicationSupportsIndirectInputEvents = YES;
				INFOPLIST_KEY_UILaunchStoryboardName = LaunchScreen;
				INFOPLIST_KEY_UIMainStoryboardFile = "";
				INFOPLIST_KEY_UISupportedInterfaceOrientations_iPad = "UIInterfaceOrientationPortrait UIInterfaceOrientationPortraitUpsideDown UIInterfaceOrientationLandscapeLeft UIInterfaceOrientationLandscapeRight";
				INFOPLIST_KEY_UISupportedInterfaceOrientations_iPhone = "UIInterfaceOrientationPortrait UIInterfaceOrientationLandscapeLeft UIInterfaceOrientationLandscapeRight";
				LD_RUNPATH_SEARCH_PATHS = (
					"$(inherited)",
					"@executable_path/Frameworks",
				);
				MARKETING_VERSION = 1.0;
				PRODUCT_BUNDLE_IDENTIFIER = butorin.BalinaSoftTestApp;
				PRODUCT_NAME = "$(TARGET_NAME)";
				SWIFT_EMIT_LOC_STRINGS = YES;
				SWIFT_VERSION = 5.0;
				TARGETED_DEVICE_FAMILY = "1,2";
			};
			name = Release;
		};
/* End XCBuildConfiguration section */

/* Begin XCConfigurationList section */
		E857080E2AC09C9A003A5843 /* Build configuration list for PBXProject "BalinaSoftTestApp" */ = {
			isa = XCConfigurationList;
			buildConfigurations = (
				E85708252AC09CA3003A5843 /* Debug */,
				E85708262AC09CA3003A5843 /* Release */,
			);
			defaultConfigurationIsVisible = 0;
			defaultConfigurationName = Release;
		};
		E85708272AC09CA3003A5843 /* Build configuration list for PBXNativeTarget "BalinaSoftTestApp" */ = {
			isa = XCConfigurationList;
			buildConfigurations = (
				E85708282AC09CA3003A5843 /* Debug */,
				E85708292AC09CA3003A5843 /* Release */,
			);
			defaultConfigurationIsVisible = 0;
			defaultConfigurationName = Release;
		};
/* End XCConfigurationList section */
	};
	rootObject = E857080B2AC09C9A003A5843 /* Project object */;
}
